
Microsoft Visual Studio Solution File, Format Version 11.00
# Visual Studio 2010
Project("{FAE04EC0-301F-11D3-BF4B-00C04F79EFBC}") = "Worki.Web", "WorkiSiteWeb\Worki.Web.csproj", "{F2462748-E1E5-415A-9299-C28B6499ABD5}"
EndProject
Project("{CC5FD16D-436D-48AD-A40C-5A424C6E3E79}") = "Worki.AzureService", "WorkiAzureService\Worki.AzureService.ccproj", "{A751FC50-A160-43A0-970B-3639FA5EDDA6}"
EndProject
Project("{FAE04EC0-301F-11D3-BF4B-00C04F79EFBC}") = "Worki.SpecFlow", "WorkiSpecFlow\Worki.SpecFlow.csproj", "{36357B79-2730-47BF-AA2F-45EFED00BD81}"
EndProject
Project("{FAE04EC0-301F-11D3-BF4B-00C04F79EFBC}") = "Worki.Resources", "WorkiResources\Worki.Resources.csproj", "{54441744-36D7-4CD6-A5B3-372A217841B0}"
EndProject
Project("{FAE04EC0-301F-11D3-BF4B-00C04F79EFBC}") = "Worki.Data", "Worki.Data\Worki.Data.csproj", "{74AF8585-C459-41E3-A598-E7A170909D51}"
EndProject
Project("{FAE04EC0-301F-11D3-BF4B-00C04F79EFBC}") = "Worki.Infrastructure", "Worki.Infrastructure\Worki.Infrastructure.csproj", "{67ED0D23-AE7B-4488-A180-EB85A2584423}"
EndProject
Project("{FAE04EC0-301F-11D3-BF4B-00C04F79EFBC}") = "Worki.Service", "Worki.Service\Worki.Service.csproj", "{C717537C-CDEC-43EF-A9DE-38AAF0ADB460}"
EndProject
Project("{00D1A9C2-B5F0-4AF3-8072-F6C62B433612}") = "Worki.Database", "Worki.Database\Worki.Database.sqlproj", "{8D84C445-EA9A-4399-B155-929B86F1C8F5}"
EndProject
Global
	GlobalSection(SolutionConfigurationPlatforms) = preSolution
		Azure|Any CPU = Azure|Any CPU
		Azure|Mixed Platforms = Azure|Mixed Platforms
		Azure|x86 = Azure|x86
		AzureDev|Any CPU = AzureDev|Any CPU
		AzureDev|Mixed Platforms = AzureDev|Mixed Platforms
		AzureDev|x86 = AzureDev|x86
		AzureTest|Any CPU = AzureTest|Any CPU
		AzureTest|Mixed Platforms = AzureTest|Mixed Platforms
		AzureTest|x86 = AzureTest|x86
		Debug|Any CPU = Debug|Any CPU
		Debug|Mixed Platforms = Debug|Mixed Platforms
		Debug|x86 = Debug|x86
		Release|Any CPU = Release|Any CPU
		Release|Mixed Platforms = Release|Mixed Platforms
		Release|x86 = Release|x86
	EndGlobalSection
	GlobalSection(ProjectConfigurationPlatforms) = postSolution
		{F2462748-E1E5-415A-9299-C28B6499ABD5}.Azure|Any CPU.ActiveCfg = Azure|Any CPU
		{F2462748-E1E5-415A-9299-C28B6499ABD5}.Azure|Any CPU.Build.0 = Azure|Any CPU
		{F2462748-E1E5-415A-9299-C28B6499ABD5}.Azure|Mixed Platforms.ActiveCfg = Azure|Any CPU
		{F2462748-E1E5-415A-9299-C28B6499ABD5}.Azure|Mixed Platforms.Build.0 = Azure|Any CPU
		{F2462748-E1E5-415A-9299-C28B6499ABD5}.Azure|x86.ActiveCfg = Azure|Any CPU
		{F2462748-E1E5-415A-9299-C28B6499ABD5}.AzureDev|Any CPU.ActiveCfg = AzureDev|Any CPU
		{F2462748-E1E5-415A-9299-C28B6499ABD5}.AzureDev|Any CPU.Build.0 = AzureDev|Any CPU
		{F2462748-E1E5-415A-9299-C28B6499ABD5}.AzureDev|Mixed Platforms.ActiveCfg = AzureDev|Any CPU
		{F2462748-E1E5-415A-9299-C28B6499ABD5}.AzureDev|Mixed Platforms.Build.0 = AzureDev|Any CPU
		{F2462748-E1E5-415A-9299-C28B6499ABD5}.AzureDev|x86.ActiveCfg = AzureDev|Any CPU
		{F2462748-E1E5-415A-9299-C28B6499ABD5}.AzureTest|Any CPU.ActiveCfg = AzureTest|Any CPU
		{F2462748-E1E5-415A-9299-C28B6499ABD5}.AzureTest|Any CPU.Build.0 = AzureTest|Any CPU
		{F2462748-E1E5-415A-9299-C28B6499ABD5}.AzureTest|Mixed Platforms.ActiveCfg = AzureTest|Any CPU
		{F2462748-E1E5-415A-9299-C28B6499ABD5}.AzureTest|Mixed Platforms.Build.0 = AzureTest|Any CPU
		{F2462748-E1E5-415A-9299-C28B6499ABD5}.AzureTest|x86.ActiveCfg = AzureTest|Any CPU
		{F2462748-E1E5-415A-9299-C28B6499ABD5}.Debug|Any CPU.ActiveCfg = Debug|Any CPU
		{F2462748-E1E5-415A-9299-C28B6499ABD5}.Debug|Any CPU.Build.0 = Debug|Any CPU
		{F2462748-E1E5-415A-9299-C28B6499ABD5}.Debug|Mixed Platforms.ActiveCfg = Debug|Any CPU
		{F2462748-E1E5-415A-9299-C28B6499ABD5}.Debug|Mixed Platforms.Build.0 = Debug|Any CPU
		{F2462748-E1E5-415A-9299-C28B6499ABD5}.Debug|x86.ActiveCfg = Debug|Any CPU
		{F2462748-E1E5-415A-9299-C28B6499ABD5}.Release|Any CPU.ActiveCfg = Release|Any CPU
		{F2462748-E1E5-415A-9299-C28B6499ABD5}.Release|Any CPU.Build.0 = Release|Any CPU
		{F2462748-E1E5-415A-9299-C28B6499ABD5}.Release|Mixed Platforms.ActiveCfg = Release|Any CPU
		{F2462748-E1E5-415A-9299-C28B6499ABD5}.Release|Mixed Platforms.Build.0 = Release|Any CPU
		{F2462748-E1E5-415A-9299-C28B6499ABD5}.Release|x86.ActiveCfg = Release|Any CPU
		{A751FC50-A160-43A0-970B-3639FA5EDDA6}.Azure|Any CPU.ActiveCfg = Azure|Any CPU
		{A751FC50-A160-43A0-970B-3639FA5EDDA6}.Azure|Any CPU.Build.0 = Azure|Any CPU
		{A751FC50-A160-43A0-970B-3639FA5EDDA6}.Azure|Mixed Platforms.ActiveCfg = Release|Any CPU
		{A751FC50-A160-43A0-970B-3639FA5EDDA6}.Azure|Mixed Platforms.Build.0 = Release|Any CPU
		{A751FC50-A160-43A0-970B-3639FA5EDDA6}.Azure|x86.ActiveCfg = Release|Any CPU
		{A751FC50-A160-43A0-970B-3639FA5EDDA6}.AzureDev|Any CPU.ActiveCfg = AzureDev|Any CPU
		{A751FC50-A160-43A0-970B-3639FA5EDDA6}.AzureDev|Any CPU.Build.0 = AzureDev|Any CPU
		{A751FC50-A160-43A0-970B-3639FA5EDDA6}.AzureDev|Mixed Platforms.ActiveCfg = Release|Any CPU
		{A751FC50-A160-43A0-970B-3639FA5EDDA6}.AzureDev|Mixed Platforms.Build.0 = Release|Any CPU
		{A751FC50-A160-43A0-970B-3639FA5EDDA6}.AzureDev|x86.ActiveCfg = Release|Any CPU
		{A751FC50-A160-43A0-970B-3639FA5EDDA6}.AzureTest|Any CPU.ActiveCfg = Release|Any CPU
		{A751FC50-A160-43A0-970B-3639FA5EDDA6}.AzureTest|Any CPU.Build.0 = Release|Any CPU
		{A751FC50-A160-43A0-970B-3639FA5EDDA6}.AzureTest|Mixed Platforms.ActiveCfg = Release|Any CPU
		{A751FC50-A160-43A0-970B-3639FA5EDDA6}.AzureTest|Mixed Platforms.Build.0 = Release|Any CPU
		{A751FC50-A160-43A0-970B-3639FA5EDDA6}.AzureTest|x86.ActiveCfg = Release|Any CPU
		{A751FC50-A160-43A0-970B-3639FA5EDDA6}.Debug|Any CPU.ActiveCfg = Debug|Any CPU
		{A751FC50-A160-43A0-970B-3639FA5EDDA6}.Debug|Any CPU.Build.0 = Debug|Any CPU
		{A751FC50-A160-43A0-970B-3639FA5EDDA6}.Debug|Mixed Platforms.ActiveCfg = Debug|Any CPU
		{A751FC50-A160-43A0-970B-3639FA5EDDA6}.Debug|Mixed Platforms.Build.0 = Debug|Any CPU
		{A751FC50-A160-43A0-970B-3639FA5EDDA6}.Debug|x86.ActiveCfg = Debug|Any CPU
		{A751FC50-A160-43A0-970B-3639FA5EDDA6}.Release|Any CPU.ActiveCfg = Release|Any CPU
		{A751FC50-A160-43A0-970B-3639FA5EDDA6}.Release|Any CPU.Build.0 = Release|Any CPU
		{A751FC50-A160-43A0-970B-3639FA5EDDA6}.Release|Mixed Platforms.ActiveCfg = Release|Any CPU
		{A751FC50-A160-43A0-970B-3639FA5EDDA6}.Release|Mixed Platforms.Build.0 = Release|Any CPU
		{A751FC50-A160-43A0-970B-3639FA5EDDA6}.Release|x86.ActiveCfg = Release|Any CPU
		{36357B79-2730-47BF-AA2F-45EFED00BD81}.Azure|Any CPU.ActiveCfg = Release|Any CPU
		{36357B79-2730-47BF-AA2F-45EFED00BD81}.Azure|Any CPU.Build.0 = Release|Any CPU
		{36357B79-2730-47BF-AA2F-45EFED00BD81}.Azure|Mixed Platforms.ActiveCfg = Release|Any CPU
		{36357B79-2730-47BF-AA2F-45EFED00BD81}.Azure|Mixed Platforms.Build.0 = Release|Any CPU
		{36357B79-2730-47BF-AA2F-45EFED00BD81}.Azure|x86.ActiveCfg = Release|Any CPU
		{36357B79-2730-47BF-AA2F-45EFED00BD81}.AzureDev|Any CPU.ActiveCfg = AzureDev|Any CPU
		{36357B79-2730-47BF-AA2F-45EFED00BD81}.AzureDev|Any CPU.Build.0 = AzureDev|Any CPU
		{36357B79-2730-47BF-AA2F-45EFED00BD81}.AzureDev|Mixed Platforms.ActiveCfg = AzureDev|Any CPU
		{36357B79-2730-47BF-AA2F-45EFED00BD81}.AzureDev|Mixed Platforms.Build.0 = AzureDev|Any CPU
		{36357B79-2730-47BF-AA2F-45EFED00BD81}.AzureDev|x86.ActiveCfg = AzureDev|Any CPU
		{36357B79-2730-47BF-AA2F-45EFED00BD81}.AzureTest|Any CPU.ActiveCfg = Release|Any CPU
		{36357B79-2730-47BF-AA2F-45EFED00BD81}.AzureTest|Any CPU.Build.0 = Release|Any CPU
		{36357B79-2730-47BF-AA2F-45EFED00BD81}.AzureTest|Mixed Platforms.ActiveCfg = Release|Any CPU
		{36357B79-2730-47BF-AA2F-45EFED00BD81}.AzureTest|Mixed Platforms.Build.0 = Release|Any CPU
		{36357B79-2730-47BF-AA2F-45EFED00BD81}.AzureTest|x86.ActiveCfg = Release|Any CPU
		{36357B79-2730-47BF-AA2F-45EFED00BD81}.Debug|Any CPU.ActiveCfg = Debug|Any CPU
		{36357B79-2730-47BF-AA2F-45EFED00BD81}.Debug|Any CPU.Build.0 = Debug|Any CPU
		{36357B79-2730-47BF-AA2F-45EFED00BD81}.Debug|Mixed Platforms.ActiveCfg = Debug|Any CPU
		{36357B79-2730-47BF-AA2F-45EFED00BD81}.Debug|Mixed Platforms.Build.0 = Debug|Any CPU
		{36357B79-2730-47BF-AA2F-45EFED00BD81}.Debug|x86.ActiveCfg = Debug|Any CPU
		{36357B79-2730-47BF-AA2F-45EFED00BD81}.Release|Any CPU.ActiveCfg = Release|Any CPU
		{36357B79-2730-47BF-AA2F-45EFED00BD81}.Release|Any CPU.Build.0 = Release|Any CPU
		{36357B79-2730-47BF-AA2F-45EFED00BD81}.Release|Mixed Platforms.ActiveCfg = Release|Any CPU
		{36357B79-2730-47BF-AA2F-45EFED00BD81}.Release|Mixed Platforms.Build.0 = Release|Any CPU
		{36357B79-2730-47BF-AA2F-45EFED00BD81}.Release|x86.ActiveCfg = Release|Any CPU
		{54441744-36D7-4CD6-A5B3-372A217841B0}.Azure|Any CPU.ActiveCfg = Release|Any CPU
		{54441744-36D7-4CD6-A5B3-372A217841B0}.Azure|Any CPU.Build.0 = Release|Any CPU
		{54441744-36D7-4CD6-A5B3-372A217841B0}.Azure|Mixed Platforms.ActiveCfg = Release|Any CPU
		{54441744-36D7-4CD6-A5B3-372A217841B0}.Azure|Mixed Platforms.Build.0 = Release|Any CPU
		{54441744-36D7-4CD6-A5B3-372A217841B0}.Azure|x86.ActiveCfg = Release|Any CPU
		{54441744-36D7-4CD6-A5B3-372A217841B0}.AzureDev|Any CPU.ActiveCfg = AzureDev|Any CPU
		{54441744-36D7-4CD6-A5B3-372A217841B0}.AzureDev|Any CPU.Build.0 = AzureDev|Any CPU
		{54441744-36D7-4CD6-A5B3-372A217841B0}.AzureDev|Mixed Platforms.ActiveCfg = AzureDev|Any CPU
		{54441744-36D7-4CD6-A5B3-372A217841B0}.AzureDev|Mixed Platforms.Build.0 = AzureDev|Any CPU
		{54441744-36D7-4CD6-A5B3-372A217841B0}.AzureDev|x86.ActiveCfg = AzureDev|Any CPU
		{54441744-36D7-4CD6-A5B3-372A217841B0}.AzureTest|Any CPU.ActiveCfg = Release|Any CPU
		{54441744-36D7-4CD6-A5B3-372A217841B0}.AzureTest|Any CPU.Build.0 = Release|Any CPU
		{54441744-36D7-4CD6-A5B3-372A217841B0}.AzureTest|Mixed Platforms.ActiveCfg = Release|Any CPU
		{54441744-36D7-4CD6-A5B3-372A217841B0}.AzureTest|Mixed Platforms.Build.0 = Release|Any CPU
		{54441744-36D7-4CD6-A5B3-372A217841B0}.AzureTest|x86.ActiveCfg = Release|Any CPU
		{54441744-36D7-4CD6-A5B3-372A217841B0}.Debug|Any CPU.ActiveCfg = Debug|Any CPU
		{54441744-36D7-4CD6-A5B3-372A217841B0}.Debug|Any CPU.Build.0 = Debug|Any CPU
		{54441744-36D7-4CD6-A5B3-372A217841B0}.Debug|Mixed Platforms.ActiveCfg = Debug|Any CPU
		{54441744-36D7-4CD6-A5B3-372A217841B0}.Debug|Mixed Platforms.Build.0 = Debug|Any CPU
		{54441744-36D7-4CD6-A5B3-372A217841B0}.Debug|x86.ActiveCfg = Debug|Any CPU
		{54441744-36D7-4CD6-A5B3-372A217841B0}.Release|Any CPU.ActiveCfg = Release|Any CPU
		{54441744-36D7-4CD6-A5B3-372A217841B0}.Release|Any CPU.Build.0 = Release|Any CPU
		{54441744-36D7-4CD6-A5B3-372A217841B0}.Release|Mixed Platforms.ActiveCfg = Release|Any CPU
		{54441744-36D7-4CD6-A5B3-372A217841B0}.Release|Mixed Platforms.Build.0 = Release|Any CPU
		{54441744-36D7-4CD6-A5B3-372A217841B0}.Release|x86.ActiveCfg = Release|Any CPU
		{74AF8585-C459-41E3-A598-E7A170909D51}.Azure|Any CPU.ActiveCfg = Release|Any CPU
		{74AF8585-C459-41E3-A598-E7A170909D51}.Azure|Any CPU.Build.0 = Release|Any CPU
		{74AF8585-C459-41E3-A598-E7A170909D51}.Azure|Mixed Platforms.ActiveCfg = Release|Any CPU
		{74AF8585-C459-41E3-A598-E7A170909D51}.Azure|Mixed Platforms.Build.0 = Release|Any CPU
		{74AF8585-C459-41E3-A598-E7A170909D51}.Azure|x86.ActiveCfg = Release|Any CPU
		{74AF8585-C459-41E3-A598-E7A170909D51}.AzureDev|Any CPU.ActiveCfg = AzureDev|Any CPU
		{74AF8585-C459-41E3-A598-E7A170909D51}.AzureDev|Any CPU.Build.0 = AzureDev|Any CPU
		{74AF8585-C459-41E3-A598-E7A170909D51}.AzureDev|Mixed Platforms.ActiveCfg = AzureDev|Any CPU
		{74AF8585-C459-41E3-A598-E7A170909D51}.AzureDev|Mixed Platforms.Build.0 = AzureDev|Any CPU
		{74AF8585-C459-41E3-A598-E7A170909D51}.AzureDev|x86.ActiveCfg = AzureDev|Any CPU
		{74AF8585-C459-41E3-A598-E7A170909D51}.AzureTest|Any CPU.ActiveCfg = Release|Any CPU
		{74AF8585-C459-41E3-A598-E7A170909D51}.AzureTest|Any CPU.Build.0 = Release|Any CPU
		{74AF8585-C459-41E3-A598-E7A170909D51}.AzureTest|Mixed Platforms.ActiveCfg = Release|Any CPU
		{74AF8585-C459-41E3-A598-E7A170909D51}.AzureTest|Mixed Platforms.Build.0 = Release|Any CPU
		{74AF8585-C459-41E3-A598-E7A170909D51}.AzureTest|x86.ActiveCfg = Release|Any CPU
		{74AF8585-C459-41E3-A598-E7A170909D51}.Debug|Any CPU.ActiveCfg = Debug|Any CPU
		{74AF8585-C459-41E3-A598-E7A170909D51}.Debug|Any CPU.Build.0 = Debug|Any CPU
		{74AF8585-C459-41E3-A598-E7A170909D51}.Debug|Mixed Platforms.ActiveCfg = Debug|Any CPU
		{74AF8585-C459-41E3-A598-E7A170909D51}.Debug|Mixed Platforms.Build.0 = Debug|Any CPU
		{74AF8585-C459-41E3-A598-E7A170909D51}.Debug|x86.ActiveCfg = Debug|Any CPU
		{74AF8585-C459-41E3-A598-E7A170909D51}.Release|Any CPU.ActiveCfg = Release|Any CPU
		{74AF8585-C459-41E3-A598-E7A170909D51}.Release|Any CPU.Build.0 = Release|Any CPU
		{74AF8585-C459-41E3-A598-E7A170909D51}.Release|Mixed Platforms.ActiveCfg = Release|Any CPU
		{74AF8585-C459-41E3-A598-E7A170909D51}.Release|Mixed Platforms.Build.0 = Release|Any CPU
		{74AF8585-C459-41E3-A598-E7A170909D51}.Release|x86.ActiveCfg = Release|Any CPU
		{67ED0D23-AE7B-4488-A180-EB85A2584423}.Azure|Any CPU.ActiveCfg = Release|Any CPU
		{67ED0D23-AE7B-4488-A180-EB85A2584423}.Azure|Any CPU.Build.0 = Release|Any CPU
		{67ED0D23-AE7B-4488-A180-EB85A2584423}.Azure|Mixed Platforms.ActiveCfg = Release|Any CPU
		{67ED0D23-AE7B-4488-A180-EB85A2584423}.Azure|Mixed Platforms.Build.0 = Release|Any CPU
		{67ED0D23-AE7B-4488-A180-EB85A2584423}.Azure|x86.ActiveCfg = Release|Any CPU
		{67ED0D23-AE7B-4488-A180-EB85A2584423}.AzureDev|Any CPU.ActiveCfg = AzureDev|Any CPU
		{67ED0D23-AE7B-4488-A180-EB85A2584423}.AzureDev|Any CPU.Build.0 = AzureDev|Any CPU
		{67ED0D23-AE7B-4488-A180-EB85A2584423}.AzureDev|Mixed Platforms.ActiveCfg = AzureDev|Any CPU
		{67ED0D23-AE7B-4488-A180-EB85A2584423}.AzureDev|Mixed Platforms.Build.0 = AzureDev|Any CPU
		{67ED0D23-AE7B-4488-A180-EB85A2584423}.AzureDev|x86.ActiveCfg = AzureDev|Any CPU
		{67ED0D23-AE7B-4488-A180-EB85A2584423}.AzureTest|Any CPU.ActiveCfg = Release|Any CPU
		{67ED0D23-AE7B-4488-A180-EB85A2584423}.AzureTest|Any CPU.Build.0 = Release|Any CPU
		{67ED0D23-AE7B-4488-A180-EB85A2584423}.AzureTest|Mixed Platforms.ActiveCfg = Release|Any CPU
		{67ED0D23-AE7B-4488-A180-EB85A2584423}.AzureTest|Mixed Platforms.Build.0 = Release|Any CPU
		{67ED0D23-AE7B-4488-A180-EB85A2584423}.AzureTest|x86.ActiveCfg = Release|Any CPU
		{67ED0D23-AE7B-4488-A180-EB85A2584423}.Debug|Any CPU.ActiveCfg = Debug|Any CPU
		{67ED0D23-AE7B-4488-A180-EB85A2584423}.Debug|Any CPU.Build.0 = Debug|Any CPU
		{67ED0D23-AE7B-4488-A180-EB85A2584423}.Debug|Mixed Platforms.ActiveCfg = Debug|Any CPU
		{67ED0D23-AE7B-4488-A180-EB85A2584423}.Debug|Mixed Platforms.Build.0 = Debug|Any CPU
		{67ED0D23-AE7B-4488-A180-EB85A2584423}.Debug|x86.ActiveCfg = Debug|Any CPU
		{67ED0D23-AE7B-4488-A180-EB85A2584423}.Release|Any CPU.ActiveCfg = Release|Any CPU
		{67ED0D23-AE7B-4488-A180-EB85A2584423}.Release|Any CPU.Build.0 = Release|Any CPU
		{67ED0D23-AE7B-4488-A180-EB85A2584423}.Release|Mixed Platforms.ActiveCfg = Release|Any CPU
		{67ED0D23-AE7B-4488-A180-EB85A2584423}.Release|Mixed Platforms.Build.0 = Release|Any CPU
		{67ED0D23-AE7B-4488-A180-EB85A2584423}.Release|x86.ActiveCfg = Release|Any CPU
		{C717537C-CDEC-43EF-A9DE-38AAF0ADB460}.Azure|Any CPU.ActiveCfg = Release|Any CPU
		{C717537C-CDEC-43EF-A9DE-38AAF0ADB460}.Azure|Any CPU.Build.0 = Release|Any CPU
		{C717537C-CDEC-43EF-A9DE-38AAF0ADB460}.Azure|Mixed Platforms.ActiveCfg = Release|Any CPU
		{C717537C-CDEC-43EF-A9DE-38AAF0ADB460}.Azure|Mixed Platforms.Build.0 = Release|Any CPU
		{C717537C-CDEC-43EF-A9DE-38AAF0ADB460}.Azure|x86.ActiveCfg = Release|Any CPU
		{C717537C-CDEC-43EF-A9DE-38AAF0ADB460}.AzureDev|Any CPU.ActiveCfg = AzureDev|Any CPU
		{C717537C-CDEC-43EF-A9DE-38AAF0ADB460}.AzureDev|Any CPU.Build.0 = AzureDev|Any CPU
		{C717537C-CDEC-43EF-A9DE-38AAF0ADB460}.AzureDev|Mixed Platforms.ActiveCfg = AzureDev|Any CPU
		{C717537C-CDEC-43EF-A9DE-38AAF0ADB460}.AzureDev|Mixed Platforms.Build.0 = AzureDev|Any CPU
		{C717537C-CDEC-43EF-A9DE-38AAF0ADB460}.AzureDev|x86.ActiveCfg = AzureDev|Any CPU
		{C717537C-CDEC-43EF-A9DE-38AAF0ADB460}.AzureTest|Any CPU.ActiveCfg = Release|Any CPU
		{C717537C-CDEC-43EF-A9DE-38AAF0ADB460}.AzureTest|Any CPU.Build.0 = Release|Any CPU
		{C717537C-CDEC-43EF-A9DE-38AAF0ADB460}.AzureTest|Mixed Platforms.ActiveCfg = Release|Any CPU
		{C717537C-CDEC-43EF-A9DE-38AAF0ADB460}.AzureTest|Mixed Platforms.Build.0 = Release|Any CPU
		{C717537C-CDEC-43EF-A9DE-38AAF0ADB460}.AzureTest|x86.ActiveCfg = Release|Any CPU
		{C717537C-CDEC-43EF-A9DE-38AAF0ADB460}.Debug|Any CPU.ActiveCfg = Debug|Any CPU
		{C717537C-CDEC-43EF-A9DE-38AAF0ADB460}.Debug|Any CPU.Build.0 = Debug|Any CPU
		{C717537C-CDEC-43EF-A9DE-38AAF0ADB460}.Debug|Mixed Platforms.ActiveCfg = Debug|Any CPU
		{C717537C-CDEC-43EF-A9DE-38AAF0ADB460}.Debug|Mixed Platforms.Build.0 = Debug|Any CPU
		{C717537C-CDEC-43EF-A9DE-38AAF0ADB460}.Debug|x86.ActiveCfg = Debug|Any CPU
		{C717537C-CDEC-43EF-A9DE-38AAF0ADB460}.Release|Any CPU.ActiveCfg = Release|Any CPU
		{C717537C-CDEC-43EF-A9DE-38AAF0ADB460}.Release|Any CPU.Build.0 = Release|Any CPU
		{C717537C-CDEC-43EF-A9DE-38AAF0ADB460}.Release|Mixed Platforms.ActiveCfg = Release|Any CPU
		{C717537C-CDEC-43EF-A9DE-38AAF0ADB460}.Release|Mixed Platforms.Build.0 = Release|Any CPU
		{C717537C-CDEC-43EF-A9DE-38AAF0ADB460}.Release|x86.ActiveCfg = Release|Any CPU
		{8D84C445-EA9A-4399-B155-929B86F1C8F5}.Azure|Any CPU.ActiveCfg = Debug|Any CPU
		{8D84C445-EA9A-4399-B155-929B86F1C8F5}.Azure|Any CPU.Build.0 = Debug|Any CPU
		{8D84C445-EA9A-4399-B155-929B86F1C8F5}.Azure|Any CPU.Deploy.0 = Debug|Any CPU
		{8D84C445-EA9A-4399-B155-929B86F1C8F5}.Azure|Mixed Platforms.ActiveCfg = Debug|Any CPU
		{8D84C445-EA9A-4399-B155-929B86F1C8F5}.Azure|Mixed Platforms.Build.0 = Debug|Any CPU
		{8D84C445-EA9A-4399-B155-929B86F1C8F5}.Azure|Mixed Platforms.Deploy.0 = Debug|Any CPU
		{8D84C445-EA9A-4399-B155-929B86F1C8F5}.Azure|x86.ActiveCfg = Debug|Any CPU
		{8D84C445-EA9A-4399-B155-929B86F1C8F5}.AzureDev|Any CPU.ActiveCfg = AzureDev|Any CPU
		{8D84C445-EA9A-4399-B155-929B86F1C8F5}.AzureDev|Any CPU.Build.0 = AzureDev|Any CPU
		{8D84C445-EA9A-4399-B155-929B86F1C8F5}.AzureDev|Any CPU.Deploy.0 = AzureDev|Any CPU
		{8D84C445-EA9A-4399-B155-929B86F1C8F5}.AzureDev|Mixed Platforms.ActiveCfg = AzureDev|Any CPU
		{8D84C445-EA9A-4399-B155-929B86F1C8F5}.AzureDev|Mixed Platforms.Build.0 = AzureDev|Any CPU
		{8D84C445-EA9A-4399-B155-929B86F1C8F5}.AzureDev|Mixed Platforms.Deploy.0 = AzureDev|Any CPU
		{8D84C445-EA9A-4399-B155-929B86F1C8F5}.AzureDev|x86.ActiveCfg = AzureDev|Any CPU
		{8D84C445-EA9A-4399-B155-929B86F1C8F5}.AzureTest|Any CPU.ActiveCfg = Release|Any CPU
		{8D84C445-EA9A-4399-B155-929B86F1C8F5}.AzureTest|Any CPU.Build.0 = Release|Any CPU
		{8D84C445-EA9A-4399-B155-929B86F1C8F5}.AzureTest|Any CPU.Deploy.0 = Release|Any CPU
		{8D84C445-EA9A-4399-B155-929B86F1C8F5}.AzureTest|Mixed Platforms.ActiveCfg = Debug|Any CPU
		{8D84C445-EA9A-4399-B155-929B86F1C8F5}.AzureTest|Mixed Platforms.Build.0 = Debug|Any CPU
		{8D84C445-EA9A-4399-B155-929B86F1C8F5}.AzureTest|Mixed Platforms.Deploy.0 = Debug|Any CPU
		{8D84C445-EA9A-4399-B155-929B86F1C8F5}.AzureTest|x86.ActiveCfg = Debug|Any CPU
		{8D84C445-EA9A-4399-B155-929B86F1C8F5}.Debug|Any CPU.ActiveCfg = Debug|Any CPU
		{8D84C445-EA9A-4399-B155-929B86F1C8F5}.Debug|Any CPU.Build.0 = Debug|Any CPU
		{8D84C445-EA9A-4399-B155-929B86F1C8F5}.Debug|Mixed Platforms.ActiveCfg = Debug|Any CPU
		{8D84C445-EA9A-4399-B155-929B86F1C8F5}.Debug|Mixed Platforms.Build.0 = Debug|Any CPU
		{8D84C445-EA9A-4399-B155-929B86F1C8F5}.Debug|Mixed Platforms.Deploy.0 = Debug|Any CPU
		{8D84C445-EA9A-4399-B155-929B86F1C8F5}.Debug|x86.ActiveCfg = Debug|Any CPU
		{8D84C445-EA9A-4399-B155-929B86F1C8F5}.Release|Any CPU.ActiveCfg = Release|Any CPU
		{8D84C445-EA9A-4399-B155-929B86F1C8F5}.Release|Any CPU.Build.0 = Release|Any CPU
		{8D84C445-EA9A-4399-B155-929B86F1C8F5}.Release|Any CPU.Deploy.0 = Release|Any CPU
		{8D84C445-EA9A-4399-B155-929B86F1C8F5}.Release|Mixed Platforms.ActiveCfg = Release|Any CPU
		{8D84C445-EA9A-4399-B155-929B86F1C8F5}.Release|Mixed Platforms.Build.0 = Release|Any CPU
		{8D84C445-EA9A-4399-B155-929B86F1C8F5}.Release|Mixed Platforms.Deploy.0 = Release|Any CPU
		{8D84C445-EA9A-4399-B155-929B86F1C8F5}.Release|x86.ActiveCfg = Release|Any CPU
	EndGlobalSection
	GlobalSection(SolutionProperties) = preSolution
		HideSolutionNode = FALSE
	EndGlobalSection
EndGlobal
